
Microsoft Visual Studio Solution File, Format Version 10.00
# Visual C++ Express 2008
Project("{8BC9CEB8-8B4A-11D0-8D11-00A0C91BC942}") = "sphinx3_gausubvq", "win32\msdev\programs\gausubvq\gausubvq.vcproj", "{2960E5DC-C7E3-48B7-8597-FD4ED7F0D3AF}"
	ProjectSection(ProjectDependencies) = postProject
		{70216122-60D5-4BCE-A338-048D2778DE55} = {70216122-60D5-4BCE-A338-048D2778DE55}
	EndProjectSection
EndProject
Project("{8BC9CEB8-8B4A-11D0-8D11-00A0C91BC942}") = "sphinx3_lm_convert", "win32\msdev\programs\lm_convert\lm_convert.vcproj", "{61B8EE16-F640-4CD0-BC31-646274116CB9}"
	ProjectSection(ProjectDependencies) = postProject
		{70216122-60D5-4BCE-A338-048D2778DE55} = {70216122-60D5-4BCE-A338-048D2778DE55}
	EndProjectSection
EndProject
Project("{8BC9CEB8-8B4A-11D0-8D11-00A0C91BC942}") = "sphinx3_align", "win32\msdev\programs\align\sphinx3_align.vcproj", "{1403A567-B8AC-4F0E-8B8E-C64FEE79AFA7}"
	ProjectSection(ProjectDependencies) = postProject
		{70216122-60D5-4BCE-A338-048D2778DE55} = {70216122-60D5-4BCE-A338-048D2778DE55}
	EndProjectSection
EndProject
Project("{8BC9CEB8-8B4A-11D0-8D11-00A0C91BC942}") = "sphinx3_astar", "win32\msdev\programs\astar\sphinx3_astar.vcproj", "{C953B80C-B5D0-4A71-8AF9-096A17F82C32}"
	ProjectSection(ProjectDependencies) = postProject
		{70216122-60D5-4BCE-A338-048D2778DE55} = {70216122-60D5-4BCE-A338-048D2778DE55}
	EndProjectSection
EndProject
Project("{8BC9CEB8-8B4A-11D0-8D11-00A0C91BC942}") = "sphinx3_conf", "win32\msdev\programs\conf\sphinx3_conf.vcproj", "{088A0F58-B198-4A3C-AE27-5A4DCC830456}"
	ProjectSection(ProjectDependencies) = postProject
		{70216122-60D5-4BCE-A338-048D2778DE55} = {70216122-60D5-4BCE-A338-048D2778DE55}
	EndProjectSection
EndProject
Project("{8BC9CEB8-8B4A-11D0-8D11-00A0C91BC942}") = "sphinx3_continuous", "win32\msdev\programs\sphinx3_continuous\sphinx3_continuous.vcproj", "{8BB92C15-BE0D-4D2A-B666-C170F0684466}"
	ProjectSection(ProjectDependencies) = postProject
		{70216122-60D5-4BCE-A338-048D2778DE55} = {70216122-60D5-4BCE-A338-048D2778DE55}
	EndProjectSection
EndProject
Project("{8BC9CEB8-8B4A-11D0-8D11-00A0C91BC942}") = "sphinx3_dag", "win32\msdev\programs\dag\sphinx3_dag.vcproj", "{45E0ABE7-B8C7-42A1-BA4B-4DB3225F1A43}"
	ProjectSection(ProjectDependencies) = postProject
		{70216122-60D5-4BCE-A338-048D2778DE55} = {70216122-60D5-4BCE-A338-048D2778DE55}
	EndProjectSection
EndProject
Project("{8BC9CEB8-8B4A-11D0-8D11-00A0C91BC942}") = "sphinx3_decode", "win32\msdev\programs\decode\sphinx3_decode.vcproj", "{4B4A0265-1CCB-4467-BC2C-8673BF6588FB}"
	ProjectSection(ProjectDependencies) = postProject
		{70216122-60D5-4BCE-A338-048D2778DE55} = {70216122-60D5-4BCE-A338-048D2778DE55}
	EndProjectSection
EndProject
Project("{8BC9CEB8-8B4A-11D0-8D11-00A0C91BC942}") = "sphinx3_dp", "win32\msdev\programs\dp\sphinx3_dp.vcproj", "{2CDEE760-4090-4F1B-A828-69227D7E1F25}"
	ProjectSection(ProjectDependencies) = postProject
		{70216122-60D5-4BCE-A338-048D2778DE55} = {70216122-60D5-4BCE-A338-048D2778DE55}
	EndProjectSection
EndProject
Project("{8BC9CEB8-8B4A-11D0-8D11-00A0C91BC942}") = "sphinx3_ep", "win32\msdev\programs\ep\sphinx3_ep.vcproj", "{4A1AF49C-5B80-4F73-B202-DE14B95BBCA6}"
	ProjectSection(ProjectDependencies) = postProject
		{70216122-60D5-4BCE-A338-048D2778DE55} = {70216122-60D5-4BCE-A338-048D2778DE55}
	EndProjectSection
EndProject
Project("{8BC9CEB8-8B4A-11D0-8D11-00A0C91BC942}") = "sphinx3_livedecode", "win32\msdev\programs\livedecode\sphinx3_livedecode.vcproj", "{9ECACC88-9EB6-4550-80BB-7022E7065156}"
	ProjectSection(ProjectDependencies) = postProject
		{70216122-60D5-4BCE-A338-048D2778DE55} = {70216122-60D5-4BCE-A338-048D2778DE55}
	EndProjectSection
EndProject
Project("{8BC9CEB8-8B4A-11D0-8D11-00A0C91BC942}") = "sphinx3_livepretend", "win32\msdev\programs\livepretend\sphinx3_livepretend.vcproj", "{BA715F80-AFFF-46D7-A0F8-74D1B347EEBD}"
	ProjectSection(ProjectDependencies) = postProject
		{70216122-60D5-4BCE-A338-048D2778DE55} = {70216122-60D5-4BCE-A338-048D2778DE55}
	EndProjectSection
EndProject
Project("{8BC9CEB8-8B4A-11D0-8D11-00A0C91BC942}") = "s3decoder", "win32\msdev\libs3decoder\s3decoder.vcproj", "{70216122-60D5-4BCE-A338-048D2778DE55}"
EndProject
Global
	GlobalSection(SolutionConfigurationPlatforms) = preSolution
		Debug|Win32 = Debug|Win32
		Release|Win32 = Release|Win32
	EndGlobalSection
	GlobalSection(ProjectConfigurationPlatforms) = postSolution
		{2960E5DC-C7E3-48B7-8597-FD4ED7F0D3AF}.Debug|Win32.ActiveCfg = Debug|Win32
		{2960E5DC-C7E3-48B7-8597-FD4ED7F0D3AF}.Debug|Win32.Build.0 = Debug|Win32
		{2960E5DC-C7E3-48B7-8597-FD4ED7F0D3AF}.Release|Win32.ActiveCfg = Release|Win32
		{2960E5DC-C7E3-48B7-8597-FD4ED7F0D3AF}.Release|Win32.Build.0 = Release|Win32
		{61B8EE16-F640-4CD0-BC31-646274116CB9}.Debug|Win32.ActiveCfg = Debug|Win32
		{61B8EE16-F640-4CD0-BC31-646274116CB9}.Debug|Win32.Build.0 = Debug|Win32
		{61B8EE16-F640-4CD0-BC31-646274116CB9}.Release|Win32.ActiveCfg = Release|Win32
		{61B8EE16-F640-4CD0-BC31-646274116CB9}.Release|Win32.Build.0 = Release|Win32
		{1403A567-B8AC-4F0E-8B8E-C64FEE79AFA7}.Debug|Win32.ActiveCfg = Debug|Win32
		{1403A567-B8AC-4F0E-8B8E-C64FEE79AFA7}.Debug|Win32.Build.0 = Debug|Win32
		{1403A567-B8AC-4F0E-8B8E-C64FEE79AFA7}.Release|Win32.ActiveCfg = Release|Win32
		{1403A567-B8AC-4F0E-8B8E-C64FEE79AFA7}.Release|Win32.Build.0 = Release|Win32
		{C953B80C-B5D0-4A71-8AF9-096A17F82C32}.Debug|Win32.ActiveCfg = Debug|Win32
		{C953B80C-B5D0-4A71-8AF9-096A17F82C32}.Debug|Win32.Build.0 = Debug|Win32
		{C953B80C-B5D0-4A71-8AF9-096A17F82C32}.Release|Win32.ActiveCfg = Release|Win32
		{C953B80C-B5D0-4A71-8AF9-096A17F82C32}.Release|Win32.Build.0 = Release|Win32
		{088A0F58-B198-4A3C-AE27-5A4DCC830456}.Debug|Win32.ActiveCfg = Debug|Win32
		{088A0F58-B198-4A3C-AE27-5A4DCC830456}.Debug|Win32.Build.0 = Debug|Win32
		{088A0F58-B198-4A3C-AE27-5A4DCC830456}.Release|Win32.ActiveCfg = Release|Win32
		{088A0F58-B198-4A3C-AE27-5A4DCC830456}.Release|Win32.Build.0 = Release|Win32
		{8BB92C15-BE0D-4D2A-B666-C170F0684466}.Debug|Win32.ActiveCfg = Debug|Win32
		{8BB92C15-BE0D-4D2A-B666-C170F0684466}.Debug|Win32.Build.0 = Debug|Win32
		{8BB92C15-BE0D-4D2A-B666-C170F0684466}.Release|Win32.ActiveCfg = Release|Win32
		{8BB92C15-BE0D-4D2A-B666-C170F0684466}.Release|Win32.Build.0 = Release|Win32
		{45E0ABE7-B8C7-42A1-BA4B-4DB3225F1A43}.Debug|Win32.ActiveCfg = Debug|Win32
		{45E0ABE7-B8C7-42A1-BA4B-4DB3225F1A43}.Debug|Win32.Build.0 = Debug|Win32
		{45E0ABE7-B8C7-42A1-BA4B-4DB3225F1A43}.Release|Win32.ActiveCfg = Release|Win32
		{45E0ABE7-B8C7-42A1-BA4B-4DB3225F1A43}.Release|Win32.Build.0 = Release|Win32
		{4B4A0265-1CCB-4467-BC2C-8673BF6588FB}.Debug|Win32.ActiveCfg = Debug|Win32
		{4B4A0265-1CCB-4467-BC2C-8673BF6588FB}.Debug|Win32.Build.0 = Debug|Win32
		{4B4A0265-1CCB-4467-BC2C-8673BF6588FB}.Release|Win32.ActiveCfg = Release|Win32
		{4B4A0265-1CCB-4467-BC2C-8673BF6588FB}.Release|Win32.Build.0 = Release|Win32
		{2CDEE760-4090-4F1B-A828-69227D7E1F25}.Debug|Win32.ActiveCfg = Debug|Win32
		{2CDEE760-4090-4F1B-A828-69227D7E1F25}.Debug|Win32.Build.0 = Debug|Win32
		{2CDEE760-4090-4F1B-A828-69227D7E1F25}.Release|Win32.ActiveCfg = Release|Win32
		{2CDEE760-4090-4F1B-A828-69227D7E1F25}.Release|Win32.Build.0 = Release|Win32
		{4A1AF49C-5B80-4F73-B202-DE14B95BBCA6}.Debug|Win32.ActiveCfg = Debug|Win32
		{4A1AF49C-5B80-4F73-B202-DE14B95BBCA6}.Debug|Win32.Build.0 = Debug|Win32
		{4A1AF49C-5B80-4F73-B202-DE14B95BBCA6}.Release|Win32.ActiveCfg = Release|Win32
		{4A1AF49C-5B80-4F73-B202-DE14B95BBCA6}.Release|Win32.Build.0 = Release|Win32
		{9ECACC88-9EB6-4550-80BB-7022E7065156}.Debug|Win32.ActiveCfg = Debug|Win32
		{9ECACC88-9EB6-4550-80BB-7022E7065156}.Debug|Win32.Build.0 = Debug|Win32
		{9ECACC88-9EB6-4550-80BB-7022E7065156}.Release|Win32.ActiveCfg = Release|Win32
		{9ECACC88-9EB6-4550-80BB-7022E7065156}.Release|Win32.Build.0 = Release|Win32
		{BA715F80-AFFF-46D7-A0F8-74D1B347EEBD}.Debug|Win32.ActiveCfg = Debug|Win32
		{BA715F80-AFFF-46D7-A0F8-74D1B347EEBD}.Debug|Win32.Build.0 = Debug|Win32
		{BA715F80-AFFF-46D7-A0F8-74D1B347EEBD}.Release|Win32.ActiveCfg = Release|Win32
		{BA715F80-AFFF-46D7-A0F8-74D1B347EEBD}.Release|Win32.Build.0 = Release|Win32
		{70216122-60D5-4BCE-A338-048D2778DE55}.Debug|Win32.ActiveCfg = Debug|Win32
		{70216122-60D5-4BCE-A338-048D2778DE55}.Debug|Win32.Build.0 = Debug|Win32
		{70216122-60D5-4BCE-A338-048D2778DE55}.Release|Win32.ActiveCfg = Release|Win32
		{70216122-60D5-4BCE-A338-048D2778DE55}.Release|Win32.Build.0 = Release|Win32
	EndGlobalSection
	GlobalSection(SolutionProperties) = preSolution
		HideSolutionNode = FALSE
	EndGlobalSection
EndGlobal
