
Microsoft Visual Studio Solution File, Format Version 9.00
# Visual Studio 2005
Project("{8BC9CEB8-8B4A-11D0-8D11-00A0C91BC942}") = "adpow", "win32\msdev\SphinxExamples\adpow\adpow.vcproj", "{DAC2352B-3672-4240-BA06-AD6A3C2B564C}"
	ProjectSection(ProjectDependencies) = postProject
		{13C0B862-51DE-4463-8325-D1AB92DBC8A0} = {13C0B862-51DE-4463-8325-D1AB92DBC8A0}
		{FA757B1E-5F15-4364-86DE-5DCB64407EB0} = {FA757B1E-5F15-4364-86DE-5DCB64407EB0}
		{D81BB543-6C59-4451-9396-2D8654953052} = {D81BB543-6C59-4451-9396-2D8654953052}
	EndProjectSection
EndProject
Project("{8BC9CEB8-8B4A-11D0-8D11-00A0C91BC942}") = "adrec", "win32\msdev\SphinxExamples\adrec\adrec.vcproj", "{6EA4B044-1AB1-4EE3-B311-6396016A158F}"
	ProjectSection(ProjectDependencies) = postProject
		{13C0B862-51DE-4463-8325-D1AB92DBC8A0} = {13C0B862-51DE-4463-8325-D1AB92DBC8A0}
		{FA757B1E-5F15-4364-86DE-5DCB64407EB0} = {FA757B1E-5F15-4364-86DE-5DCB64407EB0}
		{D81BB543-6C59-4451-9396-2D8654953052} = {D81BB543-6C59-4451-9396-2D8654953052}
	EndProjectSection
EndProject
Project("{8BC9CEB8-8B4A-11D0-8D11-00A0C91BC942}") = "cont_adseg", "win32\msdev\SphinxExamples\cont_adseg\cont_adseg.vcproj", "{AC22122C-5CCC-4A7C-95F9-00BF4A6900BA}"
	ProjectSection(ProjectDependencies) = postProject
		{13C0B862-51DE-4463-8325-D1AB92DBC8A0} = {13C0B862-51DE-4463-8325-D1AB92DBC8A0}
		{FA757B1E-5F15-4364-86DE-5DCB64407EB0} = {FA757B1E-5F15-4364-86DE-5DCB64407EB0}
		{D81BB543-6C59-4451-9396-2D8654953052} = {D81BB543-6C59-4451-9396-2D8654953052}
	EndProjectSection
EndProject
Project("{8BC9CEB8-8B4A-11D0-8D11-00A0C91BC942}") = "cont_fileseg", "win32\msdev\SphinxExamples\cont_fileseg\cont_fileseg.vcproj", "{A4A6250D-6F3C-4265-8354-B0D92603C5A9}"
	ProjectSection(ProjectDependencies) = postProject
		{13C0B862-51DE-4463-8325-D1AB92DBC8A0} = {13C0B862-51DE-4463-8325-D1AB92DBC8A0}
		{FA757B1E-5F15-4364-86DE-5DCB64407EB0} = {FA757B1E-5F15-4364-86DE-5DCB64407EB0}
		{D81BB543-6C59-4451-9396-2D8654953052} = {D81BB543-6C59-4451-9396-2D8654953052}
	EndProjectSection
EndProject
Project("{8BC9CEB8-8B4A-11D0-8D11-00A0C91BC942}") = "libsphinx2", "win32\msdev\libsphinx2\libsphinx2.vcproj", "{13C0B862-51DE-4463-8325-D1AB92DBC8A0}"
EndProject
Project("{8BC9CEB8-8B4A-11D0-8D11-00A0C91BC942}") = "libsphinx2ad", "win32\msdev\libsphinx2ad\libsphinx2ad.vcproj", "{FA757B1E-5F15-4364-86DE-5DCB64407EB0}"
EndProject
Project("{8BC9CEB8-8B4A-11D0-8D11-00A0C91BC942}") = "libsphinx2fe", "win32\msdev\libsphinx2fe\libsphinx2fe.vcproj", "{D81BB543-6C59-4451-9396-2D8654953052}"
EndProject
Project("{8BC9CEB8-8B4A-11D0-8D11-00A0C91BC942}") = "lm3g2dmp", "win32\msdev\SphinxExamples\lm3g2dmp\lm3g2dmp.vcproj", "{DA3FF14F-76E5-45D9-AFB1-0824F4945654}"
	ProjectSection(ProjectDependencies) = postProject
		{13C0B862-51DE-4463-8325-D1AB92DBC8A0} = {13C0B862-51DE-4463-8325-D1AB92DBC8A0}
		{FA757B1E-5F15-4364-86DE-5DCB64407EB0} = {FA757B1E-5F15-4364-86DE-5DCB64407EB0}
		{D81BB543-6C59-4451-9396-2D8654953052} = {D81BB543-6C59-4451-9396-2D8654953052}
	EndProjectSection
EndProject
Project("{8BC9CEB8-8B4A-11D0-8D11-00A0C91BC942}") = "lm_fsg_test", "win32\msdev\SphinxExamples\lm_fsg_test\lm_fsg_test.vcproj", "{F76BD171-7033-412D-B02D-850AD35E3CBC}"
	ProjectSection(ProjectDependencies) = postProject
		{13C0B862-51DE-4463-8325-D1AB92DBC8A0} = {13C0B862-51DE-4463-8325-D1AB92DBC8A0}
		{FA757B1E-5F15-4364-86DE-5DCB64407EB0} = {FA757B1E-5F15-4364-86DE-5DCB64407EB0}
		{D81BB543-6C59-4451-9396-2D8654953052} = {D81BB543-6C59-4451-9396-2D8654953052}
	EndProjectSection
EndProject
Project("{8BC9CEB8-8B4A-11D0-8D11-00A0C91BC942}") = "lm_fsg_test2", "win32\msdev\SphinxExamples\lm_fsg_test2\lm_fsg_test2.vcproj", "{CD51745E-E396-41B9-B016-339C7E31CD30}"
	ProjectSection(ProjectDependencies) = postProject
		{13C0B862-51DE-4463-8325-D1AB92DBC8A0} = {13C0B862-51DE-4463-8325-D1AB92DBC8A0}
		{FA757B1E-5F15-4364-86DE-5DCB64407EB0} = {FA757B1E-5F15-4364-86DE-5DCB64407EB0}
		{D81BB543-6C59-4451-9396-2D8654953052} = {D81BB543-6C59-4451-9396-2D8654953052}
	EndProjectSection
EndProject
Project("{8BC9CEB8-8B4A-11D0-8D11-00A0C91BC942}") = "raw2cep", "win32\msdev\SphinxExamples\raw2cep\raw2cep.vcproj", "{A5B058DF-9C21-4E9A-9482-D9089F0DFD1D}"
	ProjectSection(ProjectDependencies) = postProject
		{13C0B862-51DE-4463-8325-D1AB92DBC8A0} = {13C0B862-51DE-4463-8325-D1AB92DBC8A0}
		{FA757B1E-5F15-4364-86DE-5DCB64407EB0} = {FA757B1E-5F15-4364-86DE-5DCB64407EB0}
		{D81BB543-6C59-4451-9396-2D8654953052} = {D81BB543-6C59-4451-9396-2D8654953052}
	EndProjectSection
EndProject
Project("{8BC9CEB8-8B4A-11D0-8D11-00A0C91BC942}") = "sphinx2_allphone", "win32\msdev\SphinxExamples\sphinx2_allphone\sphinx2_allphone.vcproj", "{9553FBE2-B26D-45C7-BCB4-F28BB5A8F898}"
	ProjectSection(ProjectDependencies) = postProject
		{13C0B862-51DE-4463-8325-D1AB92DBC8A0} = {13C0B862-51DE-4463-8325-D1AB92DBC8A0}
		{FA757B1E-5F15-4364-86DE-5DCB64407EB0} = {FA757B1E-5F15-4364-86DE-5DCB64407EB0}
		{D81BB543-6C59-4451-9396-2D8654953052} = {D81BB543-6C59-4451-9396-2D8654953052}
	EndProjectSection
EndProject
Project("{8BC9CEB8-8B4A-11D0-8D11-00A0C91BC942}") = "sphinx2_batch", "win32\msdev\SphinxExamples\sphinx2_batch\sphinx2_batch.vcproj", "{87BF83D2-901D-4299-B820-72092F39B379}"
	ProjectSection(ProjectDependencies) = postProject
		{13C0B862-51DE-4463-8325-D1AB92DBC8A0} = {13C0B862-51DE-4463-8325-D1AB92DBC8A0}
		{FA757B1E-5F15-4364-86DE-5DCB64407EB0} = {FA757B1E-5F15-4364-86DE-5DCB64407EB0}
		{D81BB543-6C59-4451-9396-2D8654953052} = {D81BB543-6C59-4451-9396-2D8654953052}
	EndProjectSection
EndProject
Project("{8BC9CEB8-8B4A-11D0-8D11-00A0C91BC942}") = "sphinx2_client", "win32\msdev\SphinxExamples\sphinx2_client\sphinx2_client.vcproj", "{3C13A76C-ABFC-4278-BFC1-ECC5D7588660}"
	ProjectSection(ProjectDependencies) = postProject
		{13C0B862-51DE-4463-8325-D1AB92DBC8A0} = {13C0B862-51DE-4463-8325-D1AB92DBC8A0}
		{FA757B1E-5F15-4364-86DE-5DCB64407EB0} = {FA757B1E-5F15-4364-86DE-5DCB64407EB0}
		{D81BB543-6C59-4451-9396-2D8654953052} = {D81BB543-6C59-4451-9396-2D8654953052}
	EndProjectSection
EndProject
Project("{8BC9CEB8-8B4A-11D0-8D11-00A0C91BC942}") = "sphinx2_continuous", "win32\msdev\SphinxExamples\sphinx2_continuous\sphinx2_continuous.vcproj", "{AD232EDF-0A75-4A82-8185-2CFFBEEFEF93}"
	ProjectSection(ProjectDependencies) = postProject
		{13C0B862-51DE-4463-8325-D1AB92DBC8A0} = {13C0B862-51DE-4463-8325-D1AB92DBC8A0}
		{FA757B1E-5F15-4364-86DE-5DCB64407EB0} = {FA757B1E-5F15-4364-86DE-5DCB64407EB0}
		{D81BB543-6C59-4451-9396-2D8654953052} = {D81BB543-6C59-4451-9396-2D8654953052}
	EndProjectSection
EndProject
Project("{8BC9CEB8-8B4A-11D0-8D11-00A0C91BC942}") = "sphinx2_ptt", "win32\msdev\SphinxExamples\sphinx2_ptt\sphinx2_ptt.vcproj", "{4C83C7CE-E110-4355-B555-BAAB8A49B69B}"
	ProjectSection(ProjectDependencies) = postProject
		{13C0B862-51DE-4463-8325-D1AB92DBC8A0} = {13C0B862-51DE-4463-8325-D1AB92DBC8A0}
		{FA757B1E-5F15-4364-86DE-5DCB64407EB0} = {FA757B1E-5F15-4364-86DE-5DCB64407EB0}
		{D81BB543-6C59-4451-9396-2D8654953052} = {D81BB543-6C59-4451-9396-2D8654953052}
	EndProjectSection
EndProject
Project("{8BC9CEB8-8B4A-11D0-8D11-00A0C91BC942}") = "sphinx2_server", "win32\msdev\SphinxExamples\sphinx2_server\sphinx2_server.vcproj", "{4FAE6BC7-A660-43C6-ACD9-6D9B2F21D571}"
	ProjectSection(ProjectDependencies) = postProject
		{13C0B862-51DE-4463-8325-D1AB92DBC8A0} = {13C0B862-51DE-4463-8325-D1AB92DBC8A0}
		{FA757B1E-5F15-4364-86DE-5DCB64407EB0} = {FA757B1E-5F15-4364-86DE-5DCB64407EB0}
		{D81BB543-6C59-4451-9396-2D8654953052} = {D81BB543-6C59-4451-9396-2D8654953052}
	EndProjectSection
EndProject
Global
	GlobalSection(SolutionConfigurationPlatforms) = preSolution
		Debug|Win32 = Debug|Win32
		Release|Win32 = Release|Win32
	EndGlobalSection
	GlobalSection(ProjectConfigurationPlatforms) = postSolution
		{DAC2352B-3672-4240-BA06-AD6A3C2B564C}.Debug|Win32.ActiveCfg = Debug|Win32
		{DAC2352B-3672-4240-BA06-AD6A3C2B564C}.Debug|Win32.Build.0 = Debug|Win32
		{DAC2352B-3672-4240-BA06-AD6A3C2B564C}.Release|Win32.ActiveCfg = Release|Win32
		{DAC2352B-3672-4240-BA06-AD6A3C2B564C}.Release|Win32.Build.0 = Release|Win32
		{6EA4B044-1AB1-4EE3-B311-6396016A158F}.Debug|Win32.ActiveCfg = Debug|Win32
		{6EA4B044-1AB1-4EE3-B311-6396016A158F}.Debug|Win32.Build.0 = Debug|Win32
		{6EA4B044-1AB1-4EE3-B311-6396016A158F}.Release|Win32.ActiveCfg = Release|Win32
		{6EA4B044-1AB1-4EE3-B311-6396016A158F}.Release|Win32.Build.0 = Release|Win32
		{AC22122C-5CCC-4A7C-95F9-00BF4A6900BA}.Debug|Win32.ActiveCfg = Debug|Win32
		{AC22122C-5CCC-4A7C-95F9-00BF4A6900BA}.Debug|Win32.Build.0 = Debug|Win32
		{AC22122C-5CCC-4A7C-95F9-00BF4A6900BA}.Release|Win32.ActiveCfg = Release|Win32
		{AC22122C-5CCC-4A7C-95F9-00BF4A6900BA}.Release|Win32.Build.0 = Release|Win32
		{A4A6250D-6F3C-4265-8354-B0D92603C5A9}.Debug|Win32.ActiveCfg = Debug|Win32
		{A4A6250D-6F3C-4265-8354-B0D92603C5A9}.Debug|Win32.Build.0 = Debug|Win32
		{A4A6250D-6F3C-4265-8354-B0D92603C5A9}.Release|Win32.ActiveCfg = Release|Win32
		{A4A6250D-6F3C-4265-8354-B0D92603C5A9}.Release|Win32.Build.0 = Release|Win32
		{13C0B862-51DE-4463-8325-D1AB92DBC8A0}.Debug|Win32.ActiveCfg = Debug|Win32
		{13C0B862-51DE-4463-8325-D1AB92DBC8A0}.Debug|Win32.Build.0 = Debug|Win32
		{13C0B862-51DE-4463-8325-D1AB92DBC8A0}.Release|Win32.ActiveCfg = Release|Win32
		{13C0B862-51DE-4463-8325-D1AB92DBC8A0}.Release|Win32.Build.0 = Release|Win32
		{FA757B1E-5F15-4364-86DE-5DCB64407EB0}.Debug|Win32.ActiveCfg = Debug|Win32
		{FA757B1E-5F15-4364-86DE-5DCB64407EB0}.Debug|Win32.Build.0 = Debug|Win32
		{FA757B1E-5F15-4364-86DE-5DCB64407EB0}.Release|Win32.ActiveCfg = Release|Win32
		{FA757B1E-5F15-4364-86DE-5DCB64407EB0}.Release|Win32.Build.0 = Release|Win32
		{D81BB543-6C59-4451-9396-2D8654953052}.Debug|Win32.ActiveCfg = Debug|Win32
		{D81BB543-6C59-4451-9396-2D8654953052}.Debug|Win32.Build.0 = Debug|Win32
		{D81BB543-6C59-4451-9396-2D8654953052}.Release|Win32.ActiveCfg = Release|Win32
		{D81BB543-6C59-4451-9396-2D8654953052}.Release|Win32.Build.0 = Release|Win32
		{DA3FF14F-76E5-45D9-AFB1-0824F4945654}.Debug|Win32.ActiveCfg = Debug|Win32
		{DA3FF14F-76E5-45D9-AFB1-0824F4945654}.Debug|Win32.Build.0 = Debug|Win32
		{DA3FF14F-76E5-45D9-AFB1-0824F4945654}.Release|Win32.ActiveCfg = Release|Win32
		{DA3FF14F-76E5-45D9-AFB1-0824F4945654}.Release|Win32.Build.0 = Release|Win32
		{F76BD171-7033-412D-B02D-850AD35E3CBC}.Debug|Win32.ActiveCfg = Debug|Win32
		{F76BD171-7033-412D-B02D-850AD35E3CBC}.Debug|Win32.Build.0 = Debug|Win32
		{F76BD171-7033-412D-B02D-850AD35E3CBC}.Release|Win32.ActiveCfg = Release|Win32
		{F76BD171-7033-412D-B02D-850AD35E3CBC}.Release|Win32.Build.0 = Release|Win32
		{CD51745E-E396-41B9-B016-339C7E31CD30}.Debug|Win32.ActiveCfg = Debug|Win32
		{CD51745E-E396-41B9-B016-339C7E31CD30}.Debug|Win32.Build.0 = Debug|Win32
		{CD51745E-E396-41B9-B016-339C7E31CD30}.Release|Win32.ActiveCfg = Release|Win32
		{CD51745E-E396-41B9-B016-339C7E31CD30}.Release|Win32.Build.0 = Release|Win32
		{A5B058DF-9C21-4E9A-9482-D9089F0DFD1D}.Debug|Win32.ActiveCfg = Debug|Win32
		{A5B058DF-9C21-4E9A-9482-D9089F0DFD1D}.Debug|Win32.Build.0 = Debug|Win32
		{A5B058DF-9C21-4E9A-9482-D9089F0DFD1D}.Release|Win32.ActiveCfg = Release|Win32
		{A5B058DF-9C21-4E9A-9482-D9089F0DFD1D}.Release|Win32.Build.0 = Release|Win32
		{9553FBE2-B26D-45C7-BCB4-F28BB5A8F898}.Debug|Win32.ActiveCfg = Debug|Win32
		{9553FBE2-B26D-45C7-BCB4-F28BB5A8F898}.Debug|Win32.Build.0 = Debug|Win32
		{9553FBE2-B26D-45C7-BCB4-F28BB5A8F898}.Release|Win32.ActiveCfg = Release|Win32
		{9553FBE2-B26D-45C7-BCB4-F28BB5A8F898}.Release|Win32.Build.0 = Release|Win32
		{87BF83D2-901D-4299-B820-72092F39B379}.Debug|Win32.ActiveCfg = Debug|Win32
		{87BF83D2-901D-4299-B820-72092F39B379}.Debug|Win32.Build.0 = Debug|Win32
		{87BF83D2-901D-4299-B820-72092F39B379}.Release|Win32.ActiveCfg = Release|Win32
		{87BF83D2-901D-4299-B820-72092F39B379}.Release|Win32.Build.0 = Release|Win32
		{3C13A76C-ABFC-4278-BFC1-ECC5D7588660}.Debug|Win32.ActiveCfg = Debug|Win32
		{3C13A76C-ABFC-4278-BFC1-ECC5D7588660}.Debug|Win32.Build.0 = Debug|Win32
		{3C13A76C-ABFC-4278-BFC1-ECC5D7588660}.Release|Win32.ActiveCfg = Release|Win32
		{3C13A76C-ABFC-4278-BFC1-ECC5D7588660}.Release|Win32.Build.0 = Release|Win32
		{AD232EDF-0A75-4A82-8185-2CFFBEEFEF93}.Debug|Win32.ActiveCfg = Debug|Win32
		{AD232EDF-0A75-4A82-8185-2CFFBEEFEF93}.Debug|Win32.Build.0 = Debug|Win32
		{AD232EDF-0A75-4A82-8185-2CFFBEEFEF93}.Release|Win32.ActiveCfg = Release|Win32
		{AD232EDF-0A75-4A82-8185-2CFFBEEFEF93}.Release|Win32.Build.0 = Release|Win32
		{4C83C7CE-E110-4355-B555-BAAB8A49B69B}.Debug|Win32.ActiveCfg = Debug|Win32
		{4C83C7CE-E110-4355-B555-BAAB8A49B69B}.Debug|Win32.Build.0 = Debug|Win32
		{4C83C7CE-E110-4355-B555-BAAB8A49B69B}.Release|Win32.ActiveCfg = Release|Win32
		{4C83C7CE-E110-4355-B555-BAAB8A49B69B}.Release|Win32.Build.0 = Release|Win32
		{4FAE6BC7-A660-43C6-ACD9-6D9B2F21D571}.Debug|Win32.ActiveCfg = Debug|Win32
		{4FAE6BC7-A660-43C6-ACD9-6D9B2F21D571}.Debug|Win32.Build.0 = Debug|Win32
		{4FAE6BC7-A660-43C6-ACD9-6D9B2F21D571}.Release|Win32.ActiveCfg = Release|Win32
		{4FAE6BC7-A660-43C6-ACD9-6D9B2F21D571}.Release|Win32.Build.0 = Release|Win32
	EndGlobalSection
	GlobalSection(SolutionProperties) = preSolution
		HideSolutionNode = FALSE
	EndGlobalSection
EndGlobal
